Microsoft Visual Studio Solution File, Format Version 12.00
# Visual Studio Version 17
VisualStudioVersion = 17.5.2.0
MinimumVisualStudioVersion = 10.0.40219.1
Project("{FAE04EC0-301F-11D3-BF4B-00C04F79EFBC}") = "PulseCare.Api", "PulseCare.Api.csproj", "{75B5580F-2616-2F0E-E783-83212E0792A3}"
EndProject
Global
	GlobalSection(SolutionConfigurationPlatforms) = preSolution
		Debug|Any CPU = Debug|Any CPU
		Release|Any CPU = Release|Any CPU
	EndGlobalSection
	GlobalSection(ProjectConfigurationPlatforms) = postSolution
		{75B5580F-2616-2F0E-E783-83212E0792A3}.Debug|Any CPU.ActiveCfg = Debug|Any CPU
		{75B5580F-2616-2F0E-E783-83212E0792A3}.Debug|Any CPU.Build.0 = Debug|Any CPU
		{75B5580F-2616-2F0E-E783-83212E0792A3}.Release|Any CPU.ActiveCfg = Release|Any CPU
		{75B5580F-2616-2F0E-E783-83212E0792A3}.Release|Any CPU.Build.0 = Release|Any CPU
	EndGlobalSection
	GlobalSection(SolutionProperties) = preSolution
		HideSolutionNode = FALSE
	EndGlobalSection
	GlobalSection(ExtensibilityGlobals) = postSolution
		SolutionGuid = {FC85F729-FD85-4567-A7A1-09C5F00EAB56}
	EndGlobalSection
EndGlobal
